
Microsoft Visual Studio Solution File, Format Version 12.00
# Visual Studio Version 17
VisualStudioVersion = 17.0.31825.309
MinimumVisualStudioVersion = 10.0.40219.1
Project("{2150E333-8FDC-42A3-9474-1A3956D46DE8}") = "src", "src", "{15DCB488-8C46-4B60-B946-C6E284AE707D}"
EndProject
Project("{9A19103F-16F7-4668-BE54-9A1E7A4F7556}") = "Sample.App", "src\Sample.App\Sample.App.csproj", "{7CD02830-4BF0-4D29-AE70-F3DF6D50868E}"
EndProject
Project("{9A19103F-16F7-4668-BE54-9A1E7A4F7556}") = "Sample.Components", "src\Sample.Components\Sample.Components.csproj", "{06E2AA22-3362-41A4-B254-4744282F6CA7}"
EndProject
Project("{2150E333-8FDC-42A3-9474-1A3956D46DE8}") = "test", "test", "{CCAA67EE-E16B-4314-AE2A-5B6326B72CA9}"
EndProject
Project("{9A19103F-16F7-4668-BE54-9A1E7A4F7556}") = "Sample.Tests", "test\Sample.Tests\Sample.Tests.csproj", "{C2D216EC-E06B-4B29-B3D9-5EC5D0241BC9}"
EndProject
Project("{2150E333-8FDC-42A3-9474-1A3956D46DE8}") = "Solution Items", "Solution Items", "{76A85C8F-ED69-47A6-9B10-200E39360F6A}"
	ProjectSection(SolutionItems) = preProject
		global.json = global.json
		README.md = README.md
	EndProjectSection
EndProject
Global
	GlobalSection(SolutionConfigurationPlatforms) = preSolution
		Debug|Any CPU = Debug|Any CPU
		Release|Any CPU = Release|Any CPU
	EndGlobalSection
	GlobalSection(ProjectConfigurationPlatforms) = postSolution
		{7CD02830-4BF0-4D29-AE70-F3DF6D50868E}.Debug|Any CPU.ActiveCfg = Debug|Any CPU
		{7CD02830-4BF0-4D29-AE70-F3DF6D50868E}.Debug|Any CPU.Build.0 = Debug|Any CPU
		{7CD02830-4BF0-4D29-AE70-F3DF6D50868E}.Release|Any CPU.ActiveCfg = Release|Any CPU
		{7CD02830-4BF0-4D29-AE70-F3DF6D50868E}.Release|Any CPU.Build.0 = Release|Any CPU
		{06E2AA22-3362-41A4-B254-4744282F6CA7}.Debug|Any CPU.ActiveCfg = Debug|Any CPU
		{06E2AA22-3362-41A4-B254-4744282F6CA7}.Debug|Any CPU.Build.0 = Debug|Any CPU
		{06E2AA22-3362-41A4-B254-4744282F6CA7}.Release|Any CPU.ActiveCfg = Release|Any CPU
		{06E2AA22-3362-41A4-B254-4744282F6CA7}.Release|Any CPU.Build.0 = Release|Any CPU
		{C2D216EC-E06B-4B29-B3D9-5EC5D0241BC9}.Debug|Any CPU.ActiveCfg = Debug|Any CPU
		{C2D216EC-E06B-4B29-B3D9-5EC5D0241BC9}.Debug|Any CPU.Build.0 = Debug|Any CPU
		{C2D216EC-E06B-4B29-B3D9-5EC5D0241BC9}.Release|Any CPU.ActiveCfg = Release|Any CPU
		{C2D216EC-E06B-4B29-B3D9-5EC5D0241BC9}.Release|Any CPU.Build.0 = Release|Any CPU
	EndGlobalSection
	GlobalSection(SolutionProperties) = preSolution
		HideSolutionNode = FALSE
	EndGlobalSection
	GlobalSection(NestedProjects) = preSolution
		{7CD02830-4BF0-4D29-AE70-F3DF6D50868E} = {15DCB488-8C46-4B60-B946-C6E284AE707D}
		{06E2AA22-3362-41A4-B254-4744282F6CA7} = {15DCB488-8C46-4B60-B946-C6E284AE707D}
		{C2D216EC-E06B-4B29-B3D9-5EC5D0241BC9} = {CCAA67EE-E16B-4314-AE2A-5B6326B72CA9}
	EndGlobalSection
	GlobalSection(ExtensibilityGlobals) = postSolution
		SolutionGuid = {2D5155DF-BC1E-4DB0-B5C6-F2A56E6CE078}
	EndGlobalSection
EndGlobal
